version = 1
revision = 3
requires-python = ">=3.12"

[[package]]
name = "hugo"
version = "0.152.0"
source = { registry = "https://pypi.org/simple" }
sdist = { url = "https://files.pythonhosted.org/packages/6f/82/63ad04dea4cd75b181da3ca537d22fbfb2587cb62044024532a1b5a1fbfc/hugo-0.152.0.tar.gz", hash = "sha256:d7828af6ebeef4de1fc8c947bb726d8afb114bde0ff208146baf15355beadc74", size = 30676, upload-time = "2025-10-22T00:05:39.849Z" }
wheels = [
    { url = "https://files.pythonhosted.org/packages/99/e7/e42771540ef9c33dc1ac8b552fa4cfeed79b3eb72593ed60bb1102f0a864/hugo-0.152.0-py3-none-macosx_10_13_x86_64.whl", hash = "sha256:499f8cb47ff2511d407261fe556ce3bef5a4942a3747b6064873f1da1a4fe3c0", size = 27755781, upload-time = "2025-10-22T00:05:09.88Z" },
    { url = "https://files.pythonhosted.org/packages/86/41/1bb8ebbfcbd5a27c83f3cb2607ae1a43d227f55b04b311330e7a255dd18e/hugo-0.152.0-py3-none-macosx_11_0_arm64.whl", hash = "sha256:190d6c5322e4534483ab4fd74893d49f3838b487b133b8e77ba7a42de0c727f6", size = 25712305, upload-time = "2025-10-22T00:05:13.438Z" },
    { url = "https://files.pythonhosted.org/packages/1f/cf/ce2856b8b0df5c55b742171ec7a8abeba5d01ac9a82a1264c66a25c1b896/hugo-0.152.0-py3-none-manylinux_2_17_aarch64.manylinux2014_aarch64.whl", hash = "sha256:e19f1337b178c89dc3773bdbfcba85c947602d4d801997ce15810b1f798b8ae6", size = 24897790, upload-time = "2025-10-22T00:05:16.753Z" },
    { url = "https://files.pythonhosted.org/packages/50/3b/80cde03c55c9d68a68ec24adc0d7615e1761aadf1f32304c9f52f6353d8f/hugo-0.152.0-py3-none-manylinux_2_17_ppc64le.manylinux2014_ppc64le.whl", hash = "sha256:aa1222cff0263d18a26bba32890fdf9e3f4462e9df8b91f680361f723133991e", size = 24410758, upload-time = "2025-10-22T00:05:20.491Z" },
    { url = "https://files.pythonhosted.org/packages/ec/16/1f02ec475a5e024762fee6422c01df726309648bbeaf5d5639a947173902/hugo-0.152.0-py3-none-manylinux_2_17_s390x.manylinux2014_s390x.whl", hash = "sha256:d4e7ffaa912d0ff5caca8f7cf719b97d31e9f8acd7c31f398a8d3e8e8b32bbfd", size = 26986521, upload-time = "2025-10-22T00:05:23.367Z" },
    { url = "https://files.pythonhosted.org/packages/73/bb/f55656a8ccc4342c15312253d4b9726a69f2c0120718cc28de9fb0a0b85c/hugo-0.152.0-py3-none-manylinux_2_17_x86_64.manylinux2014_x86_64.whl", hash = "sha256:a6fdd93c3873190295fd4e2baf118554314a516495166e7b10e25f7cb04d1445", size = 27656076, upload-time = "2025-10-22T00:05:26.741Z" },
    { url = "https://files.pythonhosted.org/packages/39/5b/e586aa90a00f847c3a2db147eb8cdb7a8cc39f25fe2850a76d7f11b08642/hugo-0.152.0-py3-none-win32.whl", hash = "sha256:1fa5589444e9ce31d9b76182bcada7bd8a0728d2c9dbc1f6b985d73e2ceff898", size = 26161638, upload-time = "2025-10-22T00:05:30.166Z" },
    { url = "https://files.pythonhosted.org/packages/fd/61/86ad2e54d2d56f26454c94b05f5fee371b95387dfd19afeefce5f253d74a/hugo-0.152.0-py3-none-win_amd64.whl", hash = "sha256:e16ea687bc6b2869cf910b26d0f9a2f377edae81c357006077f1066d657d068b", size = 28550665, upload-time = "2025-10-22T00:05:34.115Z" },
    { url = "https://files.pythonhosted.org/packages/e4/ef/2b4304403638b6ec8069a2cbe68c8a956f945a6df0624d876d4b34396d0c/hugo-0.152.0-py3-none-win_arm64.whl", hash = "sha256:463ab63b570d603eb4a95f46530aa60f41c3da14452e86caf5875f2223383001", size = 25163367, upload-time = "2025-10-22T00:05:37.638Z" },
]

[[package]]
name = "vale"
version = "3.13.0.0"
source = { registry = "https://pypi.org/simple" }
sdist = { url = "https://files.pythonhosted.org/packages/0d/0d/6ebd7d020135888cc4d35290737871986ceabf176ba5e44827294429283a/vale-3.13.0.0.tar.gz", hash = "sha256:9c2482ecab515e58aa8d7e1a09f3d44ed674a07502786e22ff60c9d4fdc8493b", size = 5340, upload-time = "2025-10-28T13:20:41.459Z" }
wheels = [
    { url = "https://files.pythonhosted.org/packages/e0/05/92b9e4d3e3cb424d2a1aa6e070ee838f15f6739a90b06964156a24fe49ce/vale-3.13.0.0-py3-none-any.whl", hash = "sha256:b565197a5f6e430af7ccc59204e75c6067bbd091a0073d700efdd0fba21873ed", size = 5944, upload-time = "2025-10-28T13:20:40.35Z" },
]

[[package]]
name = "wunewww-github-io"
version = "0.1.0"
source = { virtual = "." }
dependencies = [
    { name = "hugo" },
    { name = "vale" },
]

[package.metadata]
requires-dist = [
    { name = "hugo", specifier = "==0.152.0" },
    { name = "vale", specifier = ">=3.13.0.0" },
]
