version = 1
revision = 3
requires-python = ">=3.12"

[[package]]
name = "hugo"
version = "0.152.2"
source = { registry = "https://pypi.org/simple" }
sdist = { url = "https://files.pythonhosted.org/packages/4f/5c/a81cad6ba741fd151f459329f9ca1262440db00d55681750a0dcad6b8d63/hugo-0.152.2.tar.gz", hash = "sha256:f644863bb201f2a068e710b08e06a34319d460ff96f24d0a62b9ca4ea41be7b8", size = 30684, upload-time = "2025-11-27T19:08:49.154Z" }
wheels = [
    { url = "https://files.pythonhosted.org/packages/2c/32/0d662973d21f8b03704c59bdae81ea7e89347f0f1857601da88d230b1619/hugo-0.152.2-py3-none-macosx_10_13_x86_64.whl", hash = "sha256:0023ee99a9734616c2c6be50c9fe5898c1a52ffe351894540a87013174e463c4", size = 27793718, upload-time = "2025-11-27T19:08:19.627Z" },
    { url = "https://files.pythonhosted.org/packages/77/7b/bb4b70c333b50f6d5f44843fef74843be0913f4e8502e89209ad0392fd27/hugo-0.152.2-py3-none-macosx_11_0_arm64.whl", hash = "sha256:35586afa0f15ae50aedfd811b74617cc139ce45b89b91d1a9eb7f702f5a877d4", size = 25667647, upload-time = "2025-11-27T19:08:23.108Z" },
    { url = "https://files.pythonhosted.org/packages/93/0f/ea60ccb96c6a0cc0047f99e12513a4bd962b0988f64402e593543642b149/hugo-0.152.2-py3-none-manylinux_2_17_aarch64.manylinux2014_aarch64.whl", hash = "sha256:a1254f1d07a5f690a1c8bc7ca1e60e4d4d2b1e7351cfb6e48c52d89185cbd318", size = 24899491, upload-time = "2025-11-27T19:08:27.453Z" },
    { url = "https://files.pythonhosted.org/packages/fb/e2/b9fe0f76bf8290e9f4db3f19b98bd03c9a3353a75582b82d0caefc261420/hugo-0.152.2-py3-none-manylinux_2_17_ppc64le.manylinux2014_ppc64le.whl", hash = "sha256:ac0332192f65eeebd481403e3c793849cb97997a3f9a403fbb117ae4c0991efe", size = 24412422, upload-time = "2025-11-27T19:08:30.087Z" },
    { url = "https://files.pythonhosted.org/packages/e7/c3/c3b557148a0f954bc714912c11bff4c140444d44c998eedc35eea9fe472b/hugo-0.152.2-py3-none-manylinux_2_17_s390x.manylinux2014_s390x.whl", hash = "sha256:7af09605d0e3b50f197ef58e3eaed03a28f3b4dfeeac0fbd5ac6bc5d8c2e1452", size = 26985714, upload-time = "2025-11-27T19:08:32.894Z" },
    { url = "https://files.pythonhosted.org/packages/e1/bc/0dedfed388a76d15eeee7ef6bb6887bbd0b99f3f5a75c95dbf3bed58a011/hugo-0.152.2-py3-none-manylinux_2_17_x86_64.manylinux2014_x86_64.whl", hash = "sha256:b7f61b5891d5550101439b11178b0c248c3747c5e42fabed294ff23a107acdd3", size = 27658997, upload-time = "2025-11-27T19:08:36.446Z" },
    { url = "https://files.pythonhosted.org/packages/c9/7f/1d570f81c8781873703bbb28600143c1920fe56d340ae9eaee6075a44be6/hugo-0.152.2-py3-none-win32.whl", hash = "sha256:ee8777e007c2f7ec910dffa5fe77be6359e1a51602ff310e4676b3c9b4d15032", size = 26163841, upload-time = "2025-11-27T19:08:39.71Z" },
    { url = "https://files.pythonhosted.org/packages/fb/b5/42136d056eaef046eebdc25d8c2345d3137947ee7406863a8ba0fc44f95d/hugo-0.152.2-py3-none-win_amd64.whl", hash = "sha256:2880b2790dccf2e90099067e60d504b8362f84ec551b22574e7b0f573f29122a", size = 28551854, upload-time = "2025-11-27T19:08:43.047Z" },
    { url = "https://files.pythonhosted.org/packages/b6/69/0d3976d4475fc596293d2c99874dc68027bf7c29e080026748d49cb41e84/hugo-0.152.2-py3-none-win_arm64.whl", hash = "sha256:53ea46f208753792150a7097477229949f5aa285590b0f8a5384a8ec00c9a9ce", size = 25168015, upload-time = "2025-11-27T19:08:46.779Z" },
]

[[package]]
name = "vale"
version = "3.13.0.0"
source = { registry = "https://pypi.org/simple" }
sdist = { url = "https://files.pythonhosted.org/packages/0d/0d/6ebd7d020135888cc4d35290737871986ceabf176ba5e44827294429283a/vale-3.13.0.0.tar.gz", hash = "sha256:9c2482ecab515e58aa8d7e1a09f3d44ed674a07502786e22ff60c9d4fdc8493b", size = 5340, upload-time = "2025-10-28T13:20:41.459Z" }
wheels = [
    { url = "https://files.pythonhosted.org/packages/e0/05/92b9e4d3e3cb424d2a1aa6e070ee838f15f6739a90b06964156a24fe49ce/vale-3.13.0.0-py3-none-any.whl", hash = "sha256:b565197a5f6e430af7ccc59204e75c6067bbd091a0073d700efdd0fba21873ed", size = 5944, upload-time = "2025-10-28T13:20:40.35Z" },
]

[[package]]
name = "wunewww-github-io"
version = "0.1.0"
source = { virtual = "." }
dependencies = [
    { name = "hugo" },
    { name = "vale" },
]

[package.metadata]
requires-dist = [
    { name = "hugo", specifier = "==0.152.2" },
    { name = "vale", specifier = ">=3.13.0.0" },
]
